// !$*UTF8*$!
{
	archiveVersion = 1;
	classes = {
	};
	objectVersion = 50;
	objects = {

/* Begin PBXBuildFile section */
		7E5EF067212E0956000A3776 /* AppDelegate.swift in Sources */ = {isa = PBXBuildFile; fileRef = 7E5EF066212E0956000A3776 /* AppDelegate.swift */; };
		7E5EF06C212E0956000A3776 /* Main.storyboard in Resources */ = {isa = PBXBuildFile; fileRef = 7E5EF06A212E0956000A3776 /* Main.storyboard */; };
		7E5EF06E212E0958000A3776 /* Assets.xcassets in Resources */ = {isa = PBXBuildFile; fileRef = 7E5EF06D212E0958000A3776 /* Assets.xcassets */; };
		7E5EF071212E0958000A3776 /* LaunchScreen.storyboard in Resources */ = {isa = PBXBuildFile; fileRef = 7E5EF06F212E0958000A3776 /* LaunchScreen.storyboard */; };
		7E5EF07C212E0A27000A3776 /* Entry.swift in Sources */ = {isa = PBXBuildFile; fileRef = 7E5EF07B212E0A27000A3776 /* Entry.swift */; };
		7E5EF07E212E0EBD000A3776 /* EntryController.swift in Sources */ = {isa = PBXBuildFile; fileRef = 7E5EF07D212E0EBD000A3776 /* EntryController.swift */; };
		7E5EF081212E1DCC000A3776 /* EntryListTableViewController.swift in Sources */ = {isa = PBXBuildFile; fileRef = 7E5EF080212E1DCC000A3776 /* EntryListTableViewController.swift */; };
		7E5EF083212E23DF000A3776 /* EntryDetailViewController.swift in Sources */ = {isa = PBXBuildFile; fileRef = 7E5EF082212E23DF000A3776 /* EntryDetailViewController.swift */; };
/* End PBXBuildFile section */

/* Begin PBXFileReference section */
		7E5EF063212E0956000A3776 /* Journal.app */ = {isa = PBXFileReference; explicitFileType = wrapper.application; includeInIndex = 0; path = Journal.app; sourceTree = BUILT_PRODUCTS_DIR; };
		7E5EF066212E0956000A3776 /* AppDelegate.swift */ = {isa = PBXFileReference; lastKnownFileType = sourcecode.swift; path = AppDelegate.swift; sourceTree = "<group>"; };
		7E5EF06B212E0956000A3776 /* Base */ = {isa = PBXFileReference; lastKnownFileType = file.storyboard; name = Base; path = Base.lproj/Main.storyboard; sourceTree = "<group>"; };
		7E5EF06D212E0958000A3776 /* Assets.xcassets */ = {isa = PBXFileReference; lastKnownFileType = folder.assetcatalog; path = Assets.xcassets; sourceTree = "<group>"; };
		7E5EF070212E0958000A3776 /* Base */ = {isa = PBXFileReference; lastKnownFileType = file.storyboard; name = Base; path = Base.lproj/LaunchScreen.storyboard; sourceTree = "<group>"; };
		7E5EF072212E0958000A3776 /* Info.plist */ = {isa = PBXFileReference; lastKnownFileType = text.plist.xml; path = Info.plist; sourceTree = "<group>"; };
		7E5EF07B212E0A27000A3776 /* Entry.swift */ = {isa = PBXFileReference; lastKnownFileType = sourcecode.swift; path = Entry.swift; sourceTree = "<group>"; };
		7E5EF07D212E0EBD000A3776 /* EntryController.swift */ = {isa = PBXFileReference; lastKnownFileType = sourcecode.swift; path = EntryController.swift; sourceTree = "<group>"; };
		7E5EF080212E1DCC000A3776 /* EntryListTableViewController.swift */ = {isa = PBXFileReference; lastKnownFileType = sourcecode.swift; path = EntryListTableViewController.swift; sourceTree = "<group>"; };
		7E5EF082212E23DF000A3776 /* EntryDetailViewController.swift */ = {isa = PBXFileReference; lastKnownFileType = sourcecode.swift; path = EntryDetailViewController.swift; sourceTree = "<group>"; };
/* End PBXFileReference section */

/* Begin PBXFrameworksBuildPhase section */
		7E5EF060212E0956000A3776 /* Frameworks */ = {
			isa = PBXFrameworksBuildPhase;
			buildActionMask = 2147483647;
			files = (
			);
			runOnlyForDeploymentPostprocessing = 0;
		};
/* End PBXFrameworksBuildPhase section */

/* Begin PBXGroup section */
		7E5EF05A212E0956000A3776 = {
			isa = PBXGroup;
			children = (
				7E5EF065212E0956000A3776 /* Journal */,
				7E5EF064212E0956000A3776 /* Products */,
			);
			sourceTree = "<group>";
		};
		7E5EF064212E0956000A3776 /* Products */ = {
			isa = PBXGroup;
			children = (
				7E5EF063212E0956000A3776 /* Journal.app */,
			);
			name = Products;
			sourceTree = "<group>";
		};
		7E5EF065212E0956000A3776 /* Journal */ = {
			isa = PBXGroup;
			children = (
				7E5EF07A212E099C000A3776 /* Controller */,
				7E5EF079212E0993000A3776 /* View */,
				7E5EF078212E097F000A3776 /* Model */,
				7E5EF066212E0956000A3776 /* AppDelegate.swift */,
				7E5EF06D212E0958000A3776 /* Assets.xcassets */,
				7E5EF06F212E0958000A3776 /* LaunchScreen.storyboard */,
				7E5EF072212E0958000A3776 /* Info.plist */,
			);
			path = Journal;
			sourceTree = "<group>";
		};
		7E5EF078212E097F000A3776 /* Model */ = {
			isa = PBXGroup;
			children = (
				7E5EF07B212E0A27000A3776 /* Entry.swift */,
			);
			path = Model;
			sourceTree = "<group>";
		};
		7E5EF079212E0993000A3776 /* View */ = {
			isa = PBXGroup;
			children = (
				7E5EF06A212E0956000A3776 /* Main.storyboard */,
			);
			path = View;
			sourceTree = "<group>";
		};
		7E5EF07A212E099C000A3776 /* Controller */ = {
			isa = PBXGroup;
			children = (
				7E5EF07D212E0EBD000A3776 /* EntryController.swift */,
				7E5EF080212E1DCC000A3776 /* EntryListTableViewController.swift */,
				7E5EF082212E23DF000A3776 /* EntryDetailViewController.swift */,
			);
			path = Controller;
			sourceTree = "<group>";
		};
/* End PBXGroup section */

/* Begin PBXNativeTarget section */
		7E5EF062212E0956000A3776 /* Journal */ = {
			isa = PBXNativeTarget;
			buildConfigurationList = 7E5EF075212E0958000A3776 /* Build configuration list for PBXNativeTarget "Journal" */;
			buildPhases = (
				7E5EF05F212E0956000A3776 /* Sources */,
				7E5EF060212E0956000A3776 /* Frameworks */,
				7E5EF061212E0956000A3776 /* Resources */,
			);
			buildRules = (
			);
			dependencies = (
			);
			name = Journal;
			productName = Journal;
			productReference = 7E5EF063212E0956000A3776 /* Journal.app */;
			productType = "com.apple.product-type.application";
		};
/* End PBXNativeTarget section */

/* Begin PBXProject section */
		7E5EF05B212E0956000A3776 /* Project object */ = {
			isa = PBXProject;
			attributes = {
				LastSwiftUpdateCheck = 0940;
				LastUpgradeCheck = 0940;
				ORGANIZATIONNAME = "Levi Linchenko";
				TargetAttributes = {
					7E5EF062212E0956000A3776 = {
						CreatedOnToolsVersion = 9.4.1;
					};
				};
			};
			buildConfigurationList = 7E5EF05E212E0956000A3776 /* Build configuration list for PBXProject "Journal" */;
			compatibilityVersion = "Xcode 9.3";
			developmentRegion = en;
			hasScannedForEncodings = 0;
			knownRegions = (
				en,
				Base,
			);
			mainGroup = 7E5EF05A212E0956000A3776;
			productRefGroup = 7E5EF064212E0956000A3776 /* Products */;
			projectDirPath = "";
			projectRoot = "";
			targets = (
				7E5EF062212E0956000A3776 /* Journal */,
			);
		};
/* End PBXProject section */

/* Begin PBXResourcesBuildPhase section */
		7E5EF061212E0956000A3776 /* Resources */ = {
			isa = PBXResourcesBuildPhase;
			buildActionMask = 2147483647;
			files = (
				7E5EF071212E0958000A3776 /* LaunchScreen.storyboard in Resources */,
				7E5EF06E212E0958000A3776 /* Assets.xcassets in Resources */,
				7E5EF06C212E0956000A3776 /* Main.storyboard in Resources */,
			);
			runOnlyForDeploymentPostprocessing = 0;
		};
/* End PBXResourcesBuildPhase section */

/* Begin PBXSourcesBuildPhase section */
		7E5EF05F212E0956000A3776 /* Sources */ = {
			isa = PBXSourcesBuildPhase;
			buildActionMask = 2147483647;
			files = (
				7E5EF081212E1DCC000A3776 /* EntryListTableViewController.swift in Sources */,
				7E5EF083212E23DF000A3776 /* EntryDetailViewController.swift in Sources */,
				7E5EF067212E0956000A3776 /* AppDelegate.swift in Sources */,
				7E5EF07C212E0A27000A3776 /* Entry.swift in Sources */,
				7E5EF07E212E0EBD000A3776 /* EntryController.swift in Sources */,
			);
			runOnlyForDeploymentPostprocessing = 0;
		};
/* End PBXSourcesBuildPhase section */

/* Begin PBXVariantGroup section */
		7E5EF06A212E0956000A3776 /* Main.storyboard */ = {
			isa = PBXVariantGroup;
			children = (
				7E5EF06B212E0956000A3776 /* Base */,
			);
			name = Main.storyboard;
			sourceTree = "<group>";
		};
		7E5EF06F212E0958000A3776 /* LaunchScreen.storyboard */ = {
			isa = PBXVariantGroup;
			children = (
				7E5EF070212E0958000A3776 /* Base */,
			);
			name = LaunchScreen.storyboard;
			sourceTree = "<group>";
		};
/* End PBXVariantGroup section */

/* Begin XCBuildConfiguration section */
		7E5EF073212E0958000A3776 /* Debug */ = {
			isa = XCBuildConfiguration;
			buildSettings = {
				ALWAYS_SEARCH_USER_PATHS = NO;
				CLANG_ANALYZER_NONNULL = YES;
				CLANG_ANALYZER_NUMBER_OBJECT_CONVERSION = YES_AGGRESSIVE;
				CLANG_CXX_LANGUAGE_STANDARD = "gnu++14";
				CLANG_CXX_LIBRARY = "libc++";
				CLANG_ENABLE_MODULES = YES;
				CLANG_ENABLE_OBJC_ARC = YES;
				CLANG_ENABLE_OBJC_WEAK = YES;
				CLANG_WARN_BLOCK_CAPTURE_AUTORELEASING = YES;
				CLANG_WARN_BOOL_CONVERSION = YES;
				CLANG_WARN_COMMA = YES;
				CLANG_WARN_CONSTANT_CONVERSION = YES;
				CLANG_WARN_DEPRECATED_OBJC_IMPLEMENTATIONS = YES;
				CLANG_WARN_DIRECT_OBJC_ISA_USAGE = YES_ERROR;
				CLANG_WARN_DOCUMENTATION_COMMENTS = YES;
				CLANG_WARN_EMPTY_BODY = YES;
				CLANG_WARN_ENUM_CONVERSION = YES;
				CLANG_WARN_INFINITE_RECURSION = YES;
				CLANG_WARN_INT_CONVERSION = YES;
				CLANG_WARN_NON_LITERAL_NULL_CONVERSION = YES;
				CLANG_WARN_OBJC_IMPLICIT_RETAIN_SELF = YES;
				CLANG_WARN_OBJC_LITERAL_CONVERSION = YES;
				CLANG_WARN_OBJC_ROOT_CLASS = YES_ERROR;
				CLANG_WARN_RANGE_LOOP_ANALYSIS = YES;
				CLANG_WARN_STRICT_PROTOTYPES = YES;
				CLANG_WARN_SUSPICIOUS_MOVE = YES;
				CLANG_WARN_UNGUARDED_AVAILABILITY = YES_AGGRESSIVE;
				CLANG_WARN_UNREACHABLE_CODE = YES;
				CLANG_WARN__DUPLICATE_METHOD_MATCH = YES;
				CODE_SIGN_IDENTITY = "iPhone Developer";
				COPY_PHASE_STRIP = NO;
				DEBUG_INFORMATION_FORMAT = dwarf;
				ENABLE_STRICT_OBJC_MSGSEND = YES;
				ENABLE_TESTABILITY = YES;
				GCC_C_LANGUAGE_STANDARD = gnu11;
				GCC_DYNAMIC_NO_PIC = NO;
				GCC_NO_COMMON_BLOCKS = YES;
				GCC_OPTIMIZATION_LEVEL = 0;
				GCC_PREPROCESSOR_DEFINITIONS = (
					"DEBUG=1",
					"$(inherited)",
				);
				GCC_WARN_64_TO_32_BIT_CONVERSION = YES;
				GCC_WARN_ABOUT_RETURN_TYPE = YES_ERROR;
				GCC_WARN_UNDECLARED_SELECTOR = YES;
				GCC_WARN_UNINITIALIZED_AUTOS = YES_AGGRESSIVE;
				GCC_WARN_UNUSED_FUNCTION = YES;
				GCC_WARN_UNUSED_VARIABLE = YES;
				IPHONEOS_DEPLOYMENT_TARGET = 11.4;
				MTL_ENABLE_DEBUG_INFO = YES;
				ONLY_ACTIVE_ARCH = YES;
				SDKROOT = iphoneos;
				SWIFT_ACTIVE_COMPILATION_CONDITIONS = DEBUG;
				SWIFT_OPTIMIZATION_LEVEL = "-Onone";
			};
			name = Debug;
		};
		7E5EF074212E0958000A3776 /* Release */ = {
			isa = XCBuildConfiguration;
			buildSettings = {
				ALWAYS_SEARCH_USER_PATHS = NO;
				CLANG_ANALYZER_NONNULL = YES;
				CLANG_ANALYZER_NUMBER_OBJECT_CONVERSION = YES_AGGRESSIVE;
				CLANG_CXX_LANGUAGE_STANDARD = "gnu++14";
				CLANG_CXX_LIBRARY = "libc++";
				CLANG_ENABLE_MODULES = YES;
				CLANG_ENABLE_OBJC_ARC = YES;
				CLANG_ENABLE_OBJC_WEAK = YES;
				CLANG_WARN_BLOCK_CAPTURE_AUTORELEASING = YES;
				CLANG_WARN_BOOL_CONVERSION = YES;
				CLANG_WARN_COMMA = YES;
				CLANG_WARN_CONSTANT_CONVERSION = YES;
				CLANG_WARN_DEPRECATED_OBJC_IMPLEMENTATIONS = YES;
				CLANG_WARN_DIRECT_OBJC_ISA_USAGE = YES_ERROR;
				CLANG_WARN_DOCUMENTATION_COMMENTS = YES;
				CLANG_WARN_EMPTY_BODY = YES;
				CLANG_WARN_ENUM_CONVERSION = YES;
				CLANG_WARN_INFINITE_RECURSION = YES;
				CLANG_WARN_INT_CONVERSION = YES;
				CLANG_WARN_NON_LITERAL_NULL_CONVERSION = YES;
				CLANG_WARN_OBJC_IMPLICIT_RETAIN_SELF = YES;
				CLANG_WARN_OBJC_LITERAL_CONVERSION = YES;
				CLANG_WARN_OBJC_ROOT_CLASS = YES_ERROR;
				CLANG_WARN_RANGE_LOOP_ANALYSIS = YES;
				CLANG_WARN_STRICT_PROTOTYPES = YES;
				CLANG_WARN_SUSPICIOUS_MOVE = YES;
				CLANG_WARN_UNGUARDED_AVAILABILITY = YES_AGGRESSIVE;
				CLANG_WARN_UNREACHABLE_CODE = YES;
				CLANG_WARN__DUPLICATE_METHOD_MATCH = YES;
				CODE_SIGN_IDENTITY = "iPhone Developer";
				COPY_PHASE_STRIP = NO;
				DEBUG_INFORMATION_FORMAT = "dwarf-with-dsym";
				ENABLE_NS_ASSERTIONS = NO;
				ENABLE_STRICT_OBJC_MSGSEND = YES;
				GCC_C_LANGUAGE_STANDARD = gnu11;
				GCC_NO_COMMON_BLOCKS = YES;
				GCC_WARN_64_TO_32_BIT_CONVERSION = YES;
				GCC_WARN_ABOUT_RETURN_TYPE = YES_ERROR;
				GCC_WARN_UNDECLARED_SELECTOR = YES;
				GCC_WARN_UNINITIALIZED_AUTOS = YES_AGGRESSIVE;
				GCC_WARN_UNUSED_FUNCTION = YES;
				GCC_WARN_UNUSED_VARIABLE = YES;
				IPHONEOS_DEPLOYMENT_TARGET = 11.4;
				MTL_ENABLE_DEBUG_INFO = NO;
				SDKROOT = iphoneos;
				SWIFT_COMPILATION_MODE = wholemodule;
				SWIFT_OPTIMIZATION_LEVEL = "-O";
				VALIDATE_PRODUCT = YES;
			};
			name = Release;
		};
		7E5EF076212E0958000A3776 /* Debug */ = {
			isa = XCBuildConfiguration;
			buildSettings = {
				ASSETCATALOG_COMPILER_APPICON_NAME = AppIcon;
				CODE_SIGN_STYLE = Automatic;
				DEVELOPMENT_TEAM = ASRKL3D2BB;
				INFOPLIST_FILE = Journal/Info.plist;
				LD_RUNPATH_SEARCH_PATHS = (
					"$(inherited)",
					"@executable_path/Frameworks",
				);
				PRODUCT_BUNDLE_IDENTIFIER = com.goophones.Journal;
				PRODUCT_NAME = "$(TARGET_NAME)";
				SWIFT_VERSION = 4.0;
				TARGETED_DEVICE_FAMILY = "1,2";
			};
			name = Debug;
		};
		7E5EF077212E0958000A3776 /* Release */ = {
			isa = XCBuildConfiguration;
			buildSettings = {
				ASSETCATALOG_COMPILER_APPICON_NAME = AppIcon;
				CODE_SIGN_STYLE = Automatic;
				DEVELOPMENT_TEAM = ASRKL3D2BB;
				INFOPLIST_FILE = Journal/Info.plist;
				LD_RUNPATH_SEARCH_PATHS = (
					"$(inherited)",
					"@executable_path/Frameworks",
				);
				PRODUCT_BUNDLE_IDENTIFIER = com.goophones.Journal;
				PRODUCT_NAME = "$(TARGET_NAME)";
				SWIFT_VERSION = 4.0;
				TARGETED_DEVICE_FAMILY = "1,2";
			};
			name = Release;
		};
/* End XCBuildConfiguration section */

/* Begin XCConfigurationList section */
		7E5EF05E212E0956000A3776 /* Build configuration list for PBXProject "Journal" */ = {
			isa = XCConfigurationList;
			buildConfigurations = (
				7E5EF073212E0958000A3776 /* Debug */,
				7E5EF074212E0958000A3776 /* Release */,
			);
			defaultConfigurationIsVisible = 0;
			defaultConfigurationName = Release;
		};
		7E5EF075212E0958000A3776 /* Build configuration list for PBXNativeTarget "Journal" */ = {
			isa = XCConfigurationList;
			buildConfigurations = (
				7E5EF076212E0958000A3776 /* Debug */,
				7E5EF077212E0958000A3776 /* Release */,
			);
			defaultConfigurationIsVisible = 0;
			defaultConfigurationName = Release;
		};
/* End XCConfigurationList section */
	};
	rootObject = 7E5EF05B212E0956000A3776 /* Project object */;
}
